
Microsoft Visual Studio Solution File, Format Version 12.00
# Visual Studio 15
VisualStudioVersion = 15.0.28307.539
MinimumVisualStudioVersion = 10.0.40219.1
Project("{FAE04EC0-301F-11D3-BF4B-00C04F79EFBC}") = "wl", "wl\wl.csproj", "{75F9F1AC-F4AD-471B-91BB-1F1B834B12EC}"
EndProject
Global
	GlobalSection(SolutionConfigurationPlatforms) = preSolution
		Debug|Any CPU = Debug|Any CPU
		Release|Any CPU = Release|Any CPU
	EndGlobalSection
	GlobalSection(ProjectConfigurationPlatforms) = postSolution
		{75F9F1AC-F4AD-471B-91BB-1F1B834B12EC}.Debug|Any CPU.ActiveCfg = Debug|Any CPU
		{75F9F1AC-F4AD-471B-91BB-1F1B834B12EC}.Debug|Any CPU.Build.0 = Debug|Any CPU
		{75F9F1AC-F4AD-471B-91BB-1F1B834B12EC}.Release|Any CPU.ActiveCfg = Release|Any CPU
		{75F9F1AC-F4AD-471B-91BB-1F1B834B12EC}.Release|Any CPU.Build.0 = Release|Any CPU
	EndGlobalSection
	GlobalSection(SolutionProperties) = preSolution
		HideSolutionNode = FALSE
	EndGlobalSection
	GlobalSection(ExtensibilityGlobals) = postSolution
		SolutionGuid = {E57DC6A7-7A2E-461C-830F-8C6603A19487}
	EndGlobalSection
EndGlobal
